
Microsoft Visual Studio Solution File, Format Version 12.00
# Visual Studio Version 17
VisualStudioVersion = 17.14.36301.6 d17.14
MinimumVisualStudioVersion = 10.0.40219.1
Project("{FAE04EC0-301F-11D3-BF4B-00C04F79EFBC}") = "test", "test\test.csproj", "{5C30A147-8CE6-4A19-ACED-D329B0693A97}"
EndProject
Global
	GlobalSection(SolutionConfigurationPlatforms) = preSolution
		Debug|Any CPU = Debug|Any CPU
		Release|Any CPU = Release|Any CPU
	EndGlobalSection
	GlobalSection(ProjectConfigurationPlatforms) = postSolution
		{5C30A147-8CE6-4A19-ACED-D329B0693A97}.Debug|Any CPU.ActiveCfg = Debug|Any CPU
		{5C30A147-8CE6-4A19-ACED-D329B0693A97}.Debug|Any CPU.Build.0 = Debug|Any CPU
		{5C30A147-8CE6-4A19-ACED-D329B0693A97}.Release|Any CPU.ActiveCfg = Release|Any CPU
		{5C30A147-8CE6-4A19-ACED-D329B0693A97}.Release|Any CPU.Build.0 = Release|Any CPU
	EndGlobalSection
	GlobalSection(SolutionProperties) = preSolution
		HideSolutionNode = FALSE
	EndGlobalSection
	GlobalSection(ExtensibilityGlobals) = postSolution
		SolutionGuid = {E2B977D3-8D0B-49D5-B83B-8B22C575914D}
	EndGlobalSection
EndGlobal
